
Microsoft Visual Studio Solution File, Format Version 12.00
# Visual Studio 15
VisualStudioVersion = 15.0.27004.2005
MinimumVisualStudioVersion = 10.0.40219.1
Project("{FAE04EC0-301F-11D3-BF4B-00C04F79EFBC}") = "XML-lesson", "XML-lesson\XML-lesson.csproj", "{37CC581A-33AE-4E4D-B5D3-BF03EF312260}"
EndProject
Global
	GlobalSection(SolutionConfigurationPlatforms) = preSolution
		Debug|Any CPU = Debug|Any CPU
		Release|Any CPU = Release|Any CPU
	EndGlobalSection
	GlobalSection(ProjectConfigurationPlatforms) = postSolution
		{37CC581A-33AE-4E4D-B5D3-BF03EF312260}.Debug|Any CPU.ActiveCfg = Debug|Any CPU
		{37CC581A-33AE-4E4D-B5D3-BF03EF312260}.Debug|Any CPU.Build.0 = Debug|Any CPU
		{37CC581A-33AE-4E4D-B5D3-BF03EF312260}.Release|Any CPU.ActiveCfg = Release|Any CPU
		{37CC581A-33AE-4E4D-B5D3-BF03EF312260}.Release|Any CPU.Build.0 = Release|Any CPU
	EndGlobalSection
	GlobalSection(SolutionProperties) = preSolution
		HideSolutionNode = FALSE
	EndGlobalSection
	GlobalSection(ExtensibilityGlobals) = postSolution
		SolutionGuid = {61369D43-FF40-4923-98F4-45538928569F}
	EndGlobalSection
EndGlobal
